<Solution>
  <Configurations>
    <Platform Name="x64" />
    <Platform Name="x86" />
  </Configurations>
  <Project Path="../Library/glm/glm.vcxitems" Id="bf232a4e-9838-4e2a-a144-bcc9f616d646" />
  <Project Path="../Library/parallel_hashmap/parallel_hashmap.vcxitems" Id="fb975bce-5eab-4257-92f9-8a19bf995845" />
  <Project Path="NekoUI/NekoUI.vcxproj" Id="9e3c3203-b1bb-4f78-8a90-f03a31b4af5a" />
</Solution>
