<?xml version="1.0" encoding="utf-8"?>
<Project ToolsVersion="4.0" xmlns="http://schemas.microsoft.com/developer/msbuild/2003">
  <ItemGroup>
    <Filter Include="源文件">
      <UniqueIdentifier>{4FC737F1-C7A5-4376-A066-2A32D752A2FF}</UniqueIdentifier>
      <Extensions>cpp;c;cc;cxx;c++;cppm;ixx;def;odl;idl;hpj;bat;asm;asmx</Extensions>
    </Filter>
    <Filter Include="头文件">
      <UniqueIdentifier>{93995380-89BD-4b04-88EB-625FBE52EBFB}</UniqueIdentifier>
      <Extensions>h;hh;hpp;hxx;h++;hm;inl;inc;ipp;xsd</Extensions>
    </Filter>
    <Filter Include="资源文件">
      <UniqueIdentifier>{67DA6AB6-F800-4c08-8B7A-83BB121AAD01}</UniqueIdentifier>
      <Extensions>rc;ico;cur;bmp;dlg;rc2;rct;bin;rgs;gif;jpg;jpeg;jpe;resx;tiff;tif;png;wav;mfcribbon-ms</Extensions>
    </Filter>
  </ItemGroup>
  <ItemGroup>
    <ClCompile Include="main.cpp">
      <Filter>源文件</Filter>
    </ClCompile>
    <ClCompile Include="NekoUI\Backend\DirectX11.cpp">
      <Filter>源文件</Filter>
    </ClCompile>
    <ClCompile Include="NekoUI\Engine\Core\Engine.cpp">
      <Filter>源文件</Filter>
    </ClCompile>
    <ClCompile Include="NekoUI\Engine\Runtime\EventRouter.cpp">
      <Filter>源文件</Filter>
    </ClCompile>
    <ClCompile Include="NekoUI\Engine\Runtime\InvalidationTracker.cpp">
      <Filter>源文件</Filter>
    </ClCompile>
    <ClCompile Include="NekoUI\Engine\Runtime\MsgPump.cpp">
      <Filter>源文件</Filter>
    </ClCompile>
    <ClCompile Include="NekoUI\Engine\Runtime\RenderScheduler.cpp">
      <Filter>源文件</Filter>
    </ClCompile>
    <ClCompile Include="NekoUI\Engine\Tree\HitTester.cpp">
      <Filter>源文件</Filter>
    </ClCompile>
    <ClCompile Include="NekoUI\Engine\Tree\TreeManager.cpp">
      <Filter>源文件</Filter>
    </ClCompile>
    <ClCompile Include="NekoUI\Engine\Tree\WidgetBuilder.cpp">
      <Filter>源文件</Filter>
    </ClCompile>
    <ClCompile Include="NekoUI\Platform\Win32.cpp">
      <Filter>源文件</Filter>
    </ClCompile>
    <ClCompile Include="NekoUI\Style\ColorScheme.cpp">
      <Filter>源文件</Filter>
    </ClCompile>
    <ClCompile Include="NekoUI\Widget\Button\ButtonDraw.cpp">
      <Filter>源文件</Filter>
    </ClCompile>
    <ClCompile Include="NekoUI\Widget\Button\ButtonHitTest.cpp">
      <Filter>源文件</Filter>
    </ClCompile>
    <ClCompile Include="NekoUI\Widget\Button\ButtonInput.cpp">
      <Filter>源文件</Filter>
    </ClCompile>
    <ClCompile Include="NekoUI\Widget\Button\ButtonLayout.cpp">
      <Filter>源文件</Filter>
    </ClCompile>
    <ClCompile Include="NekoUI\Widget\Layout\Center\CenterDraw.cpp">
      <Filter>源文件</Filter>
    </ClCompile>
    <ClCompile Include="NekoUI\Widget\Layout\Center\CenterHitTest.cpp">
      <Filter>源文件</Filter>
    </ClCompile>
    <ClCompile Include="NekoUI\Widget\Layout\Center\CenterLayout.cpp">
      <Filter>源文件</Filter>
    </ClCompile>
    <ClCompile Include="NekoUI\Widget\Layout\Column\ColumnDraw.cpp">
      <Filter>源文件</Filter>
    </ClCompile>
    <ClCompile Include="NekoUI\Widget\Layout\Column\ColumnHitTest.cpp">
      <Filter>源文件</Filter>
    </ClCompile>
    <ClCompile Include="NekoUI\Widget\Layout\Column\ColumnLayout.cpp">
      <Filter>源文件</Filter>
    </ClCompile>
    <ClCompile Include="NekoUI\Widget\Layout\Row\RowDraw.cpp">
      <Filter>源文件</Filter>
    </ClCompile>
    <ClCompile Include="NekoUI\Widget\Layout\Row\RowHitTest.cpp">
      <Filter>源文件</Filter>
    </ClCompile>
    <ClCompile Include="NekoUI\Widget\Layout\Row\RowLayout.cpp">
      <Filter>源文件</Filter>
    </ClCompile>
    <ClCompile Include="NekoUI\Widget\Widget.cpp">
      <Filter>源文件</Filter>
    </ClCompile>
  </ItemGroup>
  <ItemGroup>
    <ClInclude Include="NekoUI\Backend\DirectX11.hpp">
      <Filter>头文件</Filter>
    </ClInclude>
    <ClInclude Include="NekoUI\Backend\stb_truetype.h">
      <Filter>头文件</Filter>
    </ClInclude>
    <ClInclude Include="NekoUI\Behavior\Behavior.hpp">
      <Filter>头文件</Filter>
    </ClInclude>
    <ClInclude Include="NekoUI\Behavior\DrawBehavior.hpp">
      <Filter>头文件</Filter>
    </ClInclude>
    <ClInclude Include="NekoUI\Behavior\HitTestBehavior.hpp">
      <Filter>头文件</Filter>
    </ClInclude>
    <ClInclude Include="NekoUI\Behavior\InputBehavior.hpp">
      <Filter>头文件</Filter>
    </ClInclude>
    <ClInclude Include="NekoUI\Behavior\LayoutBehavior.hpp">
      <Filter>头文件</Filter>
    </ClInclude>
    <ClInclude Include="NekoUI\Component\Animation.hpp">
      <Filter>头文件</Filter>
    </ClInclude>
    <ClInclude Include="NekoUI\Component\ValueState.hpp">
      <Filter>头文件</Filter>
    </ClInclude>
    <ClInclude Include="NekoUI\Device\Keyboard.hpp">
      <Filter>头文件</Filter>
    </ClInclude>
    <ClInclude Include="NekoUI\Device\Mouse.hpp">
      <Filter>头文件</Filter>
    </ClInclude>
    <ClInclude Include="NekoUI\Engine\Core\Context.hpp">
      <Filter>头文件</Filter>
    </ClInclude>
    <ClInclude Include="NekoUI\Engine\Core\Engine.hpp">
      <Filter>头文件</Filter>
    </ClInclude>
    <ClInclude Include="NekoUI\Engine\Core\MutableWidget.hpp">
      <Filter>头文件</Filter>
    </ClInclude>
    <ClInclude Include="NekoUI\Engine\Runtime\EventRouter.hpp">
      <Filter>头文件</Filter>
    </ClInclude>
    <ClInclude Include="NekoUI\Engine\Runtime\InvalidationTracker.hpp">
      <Filter>头文件</Filter>
    </ClInclude>
    <ClInclude Include="NekoUI\Engine\Runtime\MsgPump.hpp">
      <Filter>头文件</Filter>
    </ClInclude>
    <ClInclude Include="NekoUI\Engine\Runtime\RenderScheduler.hpp">
      <Filter>头文件</Filter>
    </ClInclude>
    <ClInclude Include="NekoUI\Engine\Tree\HitTester.hpp">
      <Filter>头文件</Filter>
    </ClInclude>
    <ClInclude Include="NekoUI\Engine\Tree\TreeManager.hpp">
      <Filter>头文件</Filter>
    </ClInclude>
    <ClInclude Include="NekoUI\Engine\Tree\WidgetBuilder.hpp">
      <Filter>头文件</Filter>
    </ClInclude>
    <ClInclude Include="NekoUI\Engine\Tree\WidgetVisitor.hpp">
      <Filter>头文件</Filter>
    </ClInclude>
    <ClInclude Include="NekoUI\NekoUI.hpp">
      <Filter>头文件</Filter>
    </ClInclude>
    <ClInclude Include="NekoUI\Platform\Event.hpp">
      <Filter>头文件</Filter>
    </ClInclude>
    <ClInclude Include="NekoUI\Platform\Win32.hpp">
      <Filter>头文件</Filter>
    </ClInclude>
    <ClInclude Include="NekoUI\Style\ColorScheme.hpp">
      <Filter>头文件</Filter>
    </ClInclude>
    <ClInclude Include="NekoUI\Style\CSS.hpp">
      <Filter>头文件</Filter>
    </ClInclude>
    <ClInclude Include="NekoUI\Type.hpp">
      <Filter>头文件</Filter>
    </ClInclude>
    <ClInclude Include="NekoUI\Widget\Button\Button.hpp">
      <Filter>头文件</Filter>
    </ClInclude>
    <ClInclude Include="NekoUI\Widget\Button\ButtonDraw.hpp">
      <Filter>头文件</Filter>
    </ClInclude>
    <ClInclude Include="NekoUI\Widget\Button\ButtonHitTest.hpp">
      <Filter>头文件</Filter>
    </ClInclude>
    <ClInclude Include="NekoUI\Widget\Button\ButtonInput.hpp">
      <Filter>头文件</Filter>
    </ClInclude>
    <ClInclude Include="NekoUI\Widget\Button\ButtonLayout.hpp">
      <Filter>头文件</Filter>
    </ClInclude>
    <ClInclude Include="NekoUI\Widget\Button\ButtonStyle.hpp">
      <Filter>头文件</Filter>
    </ClInclude>
    <ClInclude Include="NekoUI\Widget\Layout\Center\Center.hpp">
      <Filter>头文件</Filter>
    </ClInclude>
    <ClInclude Include="NekoUI\Widget\Layout\Center\CenterDraw.hpp">
      <Filter>头文件</Filter>
    </ClInclude>
    <ClInclude Include="NekoUI\Widget\Layout\Center\CenterHitTest.hpp">
      <Filter>头文件</Filter>
    </ClInclude>
    <ClInclude Include="NekoUI\Widget\Layout\Center\CenterLayout.hpp">
      <Filter>头文件</Filter>
    </ClInclude>
    <ClInclude Include="NekoUI\Widget\Layout\Center\CenterStyle.hpp">
      <Filter>头文件</Filter>
    </ClInclude>
    <ClInclude Include="NekoUI\Widget\Layout\Column\Column.hpp">
      <Filter>头文件</Filter>
    </ClInclude>
    <ClInclude Include="NekoUI\Widget\Layout\Column\ColumnDraw.hpp">
      <Filter>头文件</Filter>
    </ClInclude>
    <ClInclude Include="NekoUI\Widget\Layout\Column\ColumnHitTest.hpp">
      <Filter>头文件</Filter>
    </ClInclude>
    <ClInclude Include="NekoUI\Widget\Layout\Column\ColumnLayout.hpp">
      <Filter>头文件</Filter>
    </ClInclude>
    <ClInclude Include="NekoUI\Widget\Layout\Column\ColumnStyle.hpp">
      <Filter>头文件</Filter>
    </ClInclude>
    <ClInclude Include="NekoUI\Widget\Layout\Row\Row.hpp">
      <Filter>头文件</Filter>
    </ClInclude>
    <ClInclude Include="NekoUI\Widget\Layout\Row\RowDraw.hpp">
      <Filter>头文件</Filter>
    </ClInclude>
    <ClInclude Include="NekoUI\Widget\Layout\Row\RowHitTest.hpp">
      <Filter>头文件</Filter>
    </ClInclude>
    <ClInclude Include="NekoUI\Widget\Layout\Row\RowLayout.hpp">
      <Filter>头文件</Filter>
    </ClInclude>
    <ClInclude Include="NekoUI\Widget\Layout\Row\RowStyle.hpp">
      <Filter>头文件</Filter>
    </ClInclude>
    <ClInclude Include="NekoUI\Widget\Widget.hpp">
      <Filter>头文件</Filter>
    </ClInclude>
  </ItemGroup>
</Project>