<?xml version="1.0" encoding="utf-8"?>
<Project ToolsVersion="4.0" xmlns="http://schemas.microsoft.com/developer/msbuild/2003">
  <ItemGroup>
    <Filter Include="源文件">
      <UniqueIdentifier>{4FC737F1-C7A5-4376-A066-2A32D752A2FF}</UniqueIdentifier>
      <Extensions>cpp;c;cc;cxx;c++;cppm;ixx;def;odl;idl;hpj;bat;asm;asmx</Extensions>
    </Filter>
    <Filter Include="头文件">
      <UniqueIdentifier>{93995380-89BD-4b04-88EB-625FBE52EBFB}</UniqueIdentifier>
      <Extensions>h;hh;hpp;hxx;h++;hm;inl;inc;ipp;xsd</Extensions>
    </Filter>
    <Filter Include="资源文件">
      <UniqueIdentifier>{67DA6AB6-F800-4c08-8B7A-83BB121AAD01}</UniqueIdentifier>
      <Extensions>rc;ico;cur;bmp;dlg;rc2;rct;bin;rgs;gif;jpg;jpeg;jpe;resx;tiff;tif;png;wav;mfcribbon-ms</Extensions>
    </Filter>
  </ItemGroup>
  <ItemGroup>
    <ClCompile Include="main.cpp">
      <Filter>源文件</Filter>
    </ClCompile>
    <ClCompile Include="NekoUI\Engine\Engine.cpp">
      <Filter>源文件</Filter>
    </ClCompile>
    <ClCompile Include="NekoUI\Engine\EventRouter.cpp">
      <Filter>源文件</Filter>
    </ClCompile>
    <ClCompile Include="NekoUI\Engine\InvalidationTracker.cpp">
      <Filter>源文件</Filter>
    </ClCompile>
    <ClCompile Include="NekoUI\Engine\WidgetTree.cpp">
      <Filter>源文件</Filter>
    </ClCompile>
    <ClCompile Include="NekoUI\Engine\RenderScheduler.cpp">
      <Filter>源文件</Filter>
    </ClCompile>
    <ClCompile Include="NekoUI\Backend\Backend.cpp">
      <Filter>源文件</Filter>
    </ClCompile>
    <ClCompile Include="NekoUI\Widget\Widget.cpp">
      <Filter>源文件</Filter>
    </ClCompile>
    <ClCompile Include="NekoUI\Widget\Button\Button.cpp">
      <Filter>源文件</Filter>
    </ClCompile>
    <ClCompile Include="NekoUI\Engine\MsgPump.cpp">
      <Filter>源文件</Filter>
    </ClCompile>
    <ClCompile Include="NekoUI\Engine\RenderLoop.cpp">
      <Filter>源文件</Filter>
    </ClCompile>
  </ItemGroup>
  <ItemGroup>
    <None Include="NekoUI\Engine\Engine.hpp" />
  </ItemGroup>
  <ItemGroup>
    <ClInclude Include="NekoUI\Widget\Widget.hpp">
      <Filter>头文件</Filter>
    </ClInclude>
    <ClInclude Include="NekoUI\Backend\Backend.hpp">
      <Filter>头文件</Filter>
    </ClInclude>
    <ClInclude Include="NekoUI\Type.hpp">
      <Filter>头文件</Filter>
    </ClInclude>
    <ClInclude Include="NekoUI\Engine\Context.hpp">
      <Filter>头文件</Filter>
    </ClInclude>
    <ClInclude Include="NekoUI\Engine\EventRouter.hpp">
      <Filter>头文件</Filter>
    </ClInclude>
    <ClInclude Include="NekoUI\Engine\InvalidationTracker.hpp">
      <Filter>头文件</Filter>
    </ClInclude>
    <ClInclude Include="NekoUI\Engine\WidgetTree.hpp">
      <Filter>头文件</Filter>
    </ClInclude>
    <ClInclude Include="NekoUI\Engine\RenderScheduler.hpp">
      <Filter>头文件</Filter>
    </ClInclude>
    <ClInclude Include="NekoUI\Backend\stb_truetype.h">
      <Filter>头文件</Filter>
    </ClInclude>
    <ClInclude Include="NekoUI\Engine\Device\Keyboard.hpp">
      <Filter>头文件</Filter>
    </ClInclude>
    <ClInclude Include="NekoUI\Engine\Device\Mouse.hpp">
      <Filter>头文件</Filter>
    </ClInclude>
    <ClInclude Include="NekoUI\Widget\Button\Button.hpp">
      <Filter>头文件</Filter>
    </ClInclude>
    <ClInclude Include="NekoUI\Engine\Component\ValueState.hpp">
      <Filter>头文件</Filter>
    </ClInclude>
    <ClInclude Include="NekoUI\Engine\Component\Animation.hpp">
      <Filter>头文件</Filter>
    </ClInclude>
    <ClInclude Include="NekoUI\Widget\Style\CSS.hpp">
      <Filter>头文件</Filter>
    </ClInclude>
    <ClInclude Include="NekoUI\Engine\Platform\Platform.hpp">
      <Filter>头文件</Filter>
    </ClInclude>
    <ClInclude Include="NekoUI\Widget\Layout\Center.hpp">
      <Filter>头文件</Filter>
    </ClInclude>
    <ClInclude Include="NekoUI\Engine\MsgPump.hpp">
      <Filter>头文件</Filter>
    </ClInclude>
    <ClInclude Include="NekoUI\Engine\RenderLoop.hpp">
      <Filter>头文件</Filter>
    </ClInclude>
  </ItemGroup>
</Project>